// !$*UTF8*$!
{
	archiveVersion = 1;
	classes = {
	};
	objectVersion = 48;
	objects = {

/* Begin PBXBuildFile section */
		1559633E203907E500728C11 /* AppDelegate.swift in Sources */ = {isa = PBXBuildFile; fileRef = 1559633D203907E500728C11 /* AppDelegate.swift */; };
		15596340203907E500728C11 /* ViewController.swift in Sources */ = {isa = PBXBuildFile; fileRef = 1559633F203907E500728C11 /* ViewController.swift */; };
		15596343203907E500728C11 /* Main.storyboard in Resources */ = {isa = PBXBuildFile; fileRef = 15596341203907E500728C11 /* Main.storyboard */; };
		15596345203907E500728C11 /* Assets.xcassets in Resources */ = {isa = PBXBuildFile; fileRef = 15596344203907E500728C11 /* Assets.xcassets */; };
		15596348203907E500728C11 /* LaunchScreen.storyboard in Resources */ = {isa = PBXBuildFile; fileRef = 15596346203907E500728C11 /* LaunchScreen.storyboard */; };
		15596353203907E500728C11 /* swiperv2Tests.swift in Sources */ = {isa = PBXBuildFile; fileRef = 15596352203907E500728C11 /* swiperv2Tests.swift */; };
		1559635E203907E500728C11 /* swiperv2UITests.swift in Sources */ = {isa = PBXBuildFile; fileRef = 1559635D203907E500728C11 /* swiperv2UITests.swift */; };
/* End PBXBuildFile section */

/* Begin PBXContainerItemProxy section */
		1559634F203907E500728C11 /* PBXContainerItemProxy */ = {
			isa = PBXContainerItemProxy;
			containerPortal = 15596332203907E500728C11 /* Project object */;
			proxyType = 1;
			remoteGlobalIDString = 15596339203907E500728C11;
			remoteInfo = swiperv2;
		};
		1559635A203907E500728C11 /* PBXContainerItemProxy */ = {
			isa = PBXContainerItemProxy;
			containerPortal = 15596332203907E500728C11 /* Project object */;
			proxyType = 1;
			remoteGlobalIDString = 15596339203907E500728C11;
			remoteInfo = swiperv2;
		};
/* End PBXContainerItemProxy section */

/* Begin PBXFileReference section */
		1559633A203907E500728C11 /* swiperv2.app */ = {isa = PBXFileReference; explicitFileType = wrapper.application; includeInIndex = 0; path = swiperv2.app; sourceTree = BUILT_PRODUCTS_DIR; };
		1559633D203907E500728C11 /* AppDelegate.swift */ = {isa = PBXFileReference; lastKnownFileType = sourcecode.swift; path = AppDelegate.swift; sourceTree = "<group>"; };
		1559633F203907E500728C11 /* ViewController.swift */ = {isa = PBXFileReference; lastKnownFileType = sourcecode.swift; path = ViewController.swift; sourceTree = "<group>"; };
		15596342203907E500728C11 /* Base */ = {isa = PBXFileReference; lastKnownFileType = file.storyboard; name = Base; path = Base.lproj/Main.storyboard; sourceTree = "<group>"; };
		15596344203907E500728C11 /* Assets.xcassets */ = {isa = PBXFileReference; lastKnownFileType = folder.assetcatalog; path = Assets.xcassets; sourceTree = "<group>"; };
		15596347203907E500728C11 /* Base */ = {isa = PBXFileReference; lastKnownFileType = file.storyboard; name = Base; path = Base.lproj/LaunchScreen.storyboard; sourceTree = "<group>"; };
		15596349203907E500728C11 /* Info.plist */ = {isa = PBXFileReference; lastKnownFileType = text.plist.xml; path = Info.plist; sourceTree = "<group>"; };
		1559634E203907E500728C11 /* swiperv2Tests.xctest */ = {isa = PBXFileReference; explicitFileType = wrapper.cfbundle; includeInIndex = 0; path = swiperv2Tests.xctest; sourceTree = BUILT_PRODUCTS_DIR; };
		15596352203907E500728C11 /* swiperv2Tests.swift */ = {isa = PBXFileReference; lastKnownFileType = sourcecode.swift; path = swiperv2Tests.swift; sourceTree = "<group>"; };
		15596354203907E500728C11 /* Info.plist */ = {isa = PBXFileReference; lastKnownFileType = text.plist.xml; path = Info.plist; sourceTree = "<group>"; };
		15596359203907E500728C11 /* swiperv2UITests.xctest */ = {isa = PBXFileReference; explicitFileType = wrapper.cfbundle; includeInIndex = 0; path = swiperv2UITests.xctest; sourceTree = BUILT_PRODUCTS_DIR; };
		1559635D203907E500728C11 /* swiperv2UITests.swift */ = {isa = PBXFileReference; lastKnownFileType = sourcecode.swift; path = swiperv2UITests.swift; sourceTree = "<group>"; };
		1559635F203907E500728C11 /* Info.plist */ = {isa = PBXFileReference; lastKnownFileType = text.plist.xml; path = Info.plist; sourceTree = "<group>"; };
/* End PBXFileReference section */

/* Begin PBXFrameworksBuildPhase section */
		15596337203907E500728C11 /* Frameworks */ = {
			isa = PBXFrameworksBuildPhase;
			buildActionMask = 2147483647;
			files = (
			);
			runOnlyForDeploymentPostprocessing = 0;
		};
		1559634B203907E500728C11 /* Frameworks */ = {
			isa = PBXFrameworksBuildPhase;
			buildActionMask = 2147483647;
			files = (
			);
			runOnlyForDeploymentPostprocessing = 0;
		};
		15596356203907E500728C11 /* Frameworks */ = {
			isa = PBXFrameworksBuildPhase;
			buildActionMask = 2147483647;
			files = (
			);
			runOnlyForDeploymentPostprocessing = 0;
		};
/* End PBXFrameworksBuildPhase section */

/* Begin PBXGroup section */
		15596331203907E500728C11 = {
			isa = PBXGroup;
			children = (
				1559633C203907E500728C11 /* swiperv2 */,
				15596351203907E500728C11 /* swiperv2Tests */,
				1559635C203907E500728C11 /* swiperv2UITests */,
				1559633B203907E500728C11 /* Products */,
			);
			sourceTree = "<group>";
		};
		1559633B203907E500728C11 /* Products */ = {
			isa = PBXGroup;
			children = (
				1559633A203907E500728C11 /* swiperv2.app */,
				1559634E203907E500728C11 /* swiperv2Tests.xctest */,
				15596359203907E500728C11 /* swiperv2UITests.xctest */,
			);
			name = Products;
			sourceTree = "<group>";
		};
		1559633C203907E500728C11 /* swiperv2 */ = {
			isa = PBXGroup;
			children = (
				1559633D203907E500728C11 /* AppDelegate.swift */,
				1559633F203907E500728C11 /* ViewController.swift */,
				15596341203907E500728C11 /* Main.storyboard */,
				15596344203907E500728C11 /* Assets.xcassets */,
				15596346203907E500728C11 /* LaunchScreen.storyboard */,
				15596349203907E500728C11 /* Info.plist */,
			);
			path = swiperv2;
			sourceTree = "<group>";
		};
		15596351203907E500728C11 /* swiperv2Tests */ = {
			isa = PBXGroup;
			children = (
				15596352203907E500728C11 /* swiperv2Tests.swift */,
				15596354203907E500728C11 /* Info.plist */,
			);
			path = swiperv2Tests;
			sourceTree = "<group>";
		};
		1559635C203907E500728C11 /* swiperv2UITests */ = {
			isa = PBXGroup;
			children = (
				1559635D203907E500728C11 /* swiperv2UITests.swift */,
				1559635F203907E500728C11 /* Info.plist */,
			);
			path = swiperv2UITests;
			sourceTree = "<group>";
		};
/* End PBXGroup section */

/* Begin PBXNativeTarget section */
		15596339203907E500728C11 /* swiperv2 */ = {
			isa = PBXNativeTarget;
			buildConfigurationList = 15596362203907E500728C11 /* Build configuration list for PBXNativeTarget "swiperv2" */;
			buildPhases = (
				15596336203907E500728C11 /* Sources */,
				15596337203907E500728C11 /* Frameworks */,
				15596338203907E500728C11 /* Resources */,
			);
			buildRules = (
			);
			dependencies = (
			);
			name = swiperv2;
			productName = swiperv2;
			productReference = 1559633A203907E500728C11 /* swiperv2.app */;
			productType = "com.apple.product-type.application";
		};
		1559634D203907E500728C11 /* swiperv2Tests */ = {
			isa = PBXNativeTarget;
			buildConfigurationList = 15596365203907E500728C11 /* Build configuration list for PBXNativeTarget "swiperv2Tests" */;
			buildPhases = (
				1559634A203907E500728C11 /* Sources */,
				1559634B203907E500728C11 /* Frameworks */,
				1559634C203907E500728C11 /* Resources */,
			);
			buildRules = (
			);
			dependencies = (
				15596350203907E500728C11 /* PBXTargetDependency */,
			);
			name = swiperv2Tests;
			productName = swiperv2Tests;
			productReference = 1559634E203907E500728C11 /* swiperv2Tests.xctest */;
			productType = "com.apple.product-type.bundle.unit-test";
		};
		15596358203907E500728C11 /* swiperv2UITests */ = {
			isa = PBXNativeTarget;
			buildConfigurationList = 15596368203907E500728C11 /* Build configuration list for PBXNativeTarget "swiperv2UITests" */;
			buildPhases = (
				15596355203907E500728C11 /* Sources */,
				15596356203907E500728C11 /* Frameworks */,
				15596357203907E500728C11 /* Resources */,
			);
			buildRules = (
			);
			dependencies = (
				1559635B203907E500728C11 /* PBXTargetDependency */,
			);
			name = swiperv2UITests;
			productName = swiperv2UITests;
			productReference = 15596359203907E500728C11 /* swiperv2UITests.xctest */;
			productType = "com.apple.product-type.bundle.ui-testing";
		};
/* End PBXNativeTarget section */

/* Begin PBXProject section */
		15596332203907E500728C11 /* Project object */ = {
			isa = PBXProject;
			attributes = {
				LastSwiftUpdateCheck = 0920;
				LastUpgradeCheck = 0920;
				ORGANIZATIONNAME = HOTH;
				TargetAttributes = {
					15596339203907E500728C11 = {
						CreatedOnToolsVersion = 9.2;
						ProvisioningStyle = Automatic;
					};
					1559634D203907E500728C11 = {
						CreatedOnToolsVersion = 9.2;
						ProvisioningStyle = Automatic;
						TestTargetID = 15596339203907E500728C11;
					};
					15596358203907E500728C11 = {
						CreatedOnToolsVersion = 9.2;
						ProvisioningStyle = Automatic;
						TestTargetID = 15596339203907E500728C11;
					};
				};
			};
			buildConfigurationList = 15596335203907E500728C11 /* Build configuration list for PBXProject "swiperv2" */;
			compatibilityVersion = "Xcode 8.0";
			developmentRegion = en;
			hasScannedForEncodings = 0;
			knownRegions = (
				en,
				Base,
			);
			mainGroup = 15596331203907E500728C11;
			productRefGroup = 1559633B203907E500728C11 /* Products */;
			projectDirPath = "";
			projectRoot = "";
			targets = (
				15596339203907E500728C11 /* swiperv2 */,
				1559634D203907E500728C11 /* swiperv2Tests */,
				15596358203907E500728C11 /* swiperv2UITests */,
			);
		};
/* End PBXProject section */

/* Begin PBXResourcesBuildPhase section */
		15596338203907E500728C11 /* Resources */ = {
			isa = PBXResourcesBuildPhase;
			buildActionMask = 2147483647;
			files = (
				15596348203907E500728C11 /* LaunchScreen.storyboard in Resources */,
				15596345203907E500728C11 /* Assets.xcassets in Resources */,
				15596343203907E500728C11 /* Main.storyboard in Resources */,
			);
			runOnlyForDeploymentPostprocessing = 0;
		};
		1559634C203907E500728C11 /* Resources */ = {
			isa = PBXResourcesBuildPhase;
			buildActionMask = 2147483647;
			files = (
			);
			runOnlyForDeploymentPostprocessing = 0;
		};
		15596357203907E500728C11 /* Resources */ = {
			isa = PBXResourcesBuildPhase;
			buildActionMask = 2147483647;
			files = (
			);
			runOnlyForDeploymentPostprocessing = 0;
		};
/* End PBXResourcesBuildPhase section */

/* Begin PBXSourcesBuildPhase section */
		15596336203907E500728C11 /* Sources */ = {
			isa = PBXSourcesBuildPhase;
			buildActionMask = 2147483647;
			files = (
				15596340203907E500728C11 /* ViewController.swift in Sources */,
				1559633E203907E500728C11 /* AppDelegate.swift in Sources */,
			);
			runOnlyForDeploymentPostprocessing = 0;
		};
		1559634A203907E500728C11 /* Sources */ = {
			isa = PBXSourcesBuildPhase;
			buildActionMask = 2147483647;
			files = (
				15596353203907E500728C11 /* swiperv2Tests.swift in Sources */,
			);
			runOnlyForDeploymentPostprocessing = 0;
		};
		15596355203907E500728C11 /* Sources */ = {
			isa = PBXSourcesBuildPhase;
			buildActionMask = 2147483647;
			files = (
				1559635E203907E500728C11 /* swiperv2UITests.swift in Sources */,
			);
			runOnlyForDeploymentPostprocessing = 0;
		};
/* End PBXSourcesBuildPhase section */

/* Begin PBXTargetDependency section */
		15596350203907E500728C11 /* PBXTargetDependency */ = {
			isa = PBXTargetDependency;
			target = 15596339203907E500728C11 /* swiperv2 */;
			targetProxy = 1559634F203907E500728C11 /* PBXContainerItemProxy */;
		};
		1559635B203907E500728C11 /* PBXTargetDependency */ = {
			isa = PBXTargetDependency;
			target = 15596339203907E500728C11 /* swiperv2 */;
			targetProxy = 1559635A203907E500728C11 /* PBXContainerItemProxy */;
		};
/* End PBXTargetDependency section */

/* Begin PBXVariantGroup section */
		15596341203907E500728C11 /* Main.storyboard */ = {
			isa = PBXVariantGroup;
			children = (
				15596342203907E500728C11 /* Base */,
			);
			name = Main.storyboard;
			sourceTree = "<group>";
		};
		15596346203907E500728C11 /* LaunchScreen.storyboard */ = {
			isa = PBXVariantGroup;
			children = (
				15596347203907E500728C11 /* Base */,
			);
			name = LaunchScreen.storyboard;
			sourceTree = "<group>";
		};
/* End PBXVariantGroup section */

/* Begin XCBuildConfiguration section */
		15596360203907E500728C11 /* Debug */ = {
			isa = XCBuildConfiguration;
			buildSettings = {
				ALWAYS_SEARCH_USER_PATHS = NO;
				CLANG_ANALYZER_NONNULL = YES;
				CLANG_ANALYZER_NUMBER_OBJECT_CONVERSION = YES_AGGRESSIVE;
				CLANG_CXX_LANGUAGE_STANDARD = "gnu++14";
				CLANG_CXX_LIBRARY = "libc++";
				CLANG_ENABLE_MODULES = YES;
				CLANG_ENABLE_OBJC_ARC = YES;
				CLANG_WARN_BLOCK_CAPTURE_AUTORELEASING = YES;
				CLANG_WARN_BOOL_CONVERSION = YES;
				CLANG_WARN_COMMA = YES;
				CLANG_WARN_CONSTANT_CONVERSION = YES;
				CLANG_WARN_DIRECT_OBJC_ISA_USAGE = YES_ERROR;
				CLANG_WARN_DOCUMENTATION_COMMENTS = YES;
				CLANG_WARN_EMPTY_BODY = YES;
				CLANG_WARN_ENUM_CONVERSION = YES;
				CLANG_WARN_INFINITE_RECURSION = YES;
				CLANG_WARN_INT_CONVERSION = YES;
				CLANG_WARN_NON_LITERAL_NULL_CONVERSION = YES;
				CLANG_WARN_OBJC_LITERAL_CONVERSION = YES;
				CLANG_WARN_OBJC_ROOT_CLASS = YES_ERROR;
				CLANG_WARN_RANGE_LOOP_ANALYSIS = YES;
				CLANG_WARN_STRICT_PROTOTYPES = YES;
				CLANG_WARN_SUSPICIOUS_MOVE = YES;
				CLANG_WARN_UNGUARDED_AVAILABILITY = YES_AGGRESSIVE;
				CLANG_WARN_UNREACHABLE_CODE = YES;
				CLANG_WARN__DUPLICATE_METHOD_MATCH = YES;
				CODE_SIGN_IDENTITY = "iPhone Developer";
				COPY_PHASE_STRIP = NO;
				DEBUG_INFORMATION_FORMAT = dwarf;
				ENABLE_STRICT_OBJC_MSGSEND = YES;
				ENABLE_TESTABILITY = YES;
				GCC_C_LANGUAGE_STANDARD = gnu11;
				GCC_DYNAMIC_NO_PIC = NO;
				GCC_NO_COMMON_BLOCKS = YES;
				GCC_OPTIMIZATION_LEVEL = 0;
				GCC_PREPROCESSOR_DEFINITIONS = (
					"DEBUG=1",
					"$(inherited)",
				);
				GCC_WARN_64_TO_32_BIT_CONVERSION = YES;
				GCC_WARN_ABOUT_RETURN_TYPE = YES_ERROR;
				GCC_WARN_UNDECLARED_SELECTOR = YES;
				GCC_WARN_UNINITIALIZED_AUTOS = YES_AGGRESSIVE;
				GCC_WARN_UNUSED_FUNCTION = YES;
				GCC_WARN_UNUSED_VARIABLE = YES;
				IPHONEOS_DEPLOYMENT_TARGET = 11.2;
				MTL_ENABLE_DEBUG_INFO = YES;
				ONLY_ACTIVE_ARCH = YES;
				SDKROOT = iphoneos;
				SWIFT_ACTIVE_COMPILATION_CONDITIONS = DEBUG;
				SWIFT_OPTIMIZATION_LEVEL = "-Onone";
			};
			name = Debug;
		};
		15596361203907E500728C11 /* Release */ = {
			isa = XCBuildConfiguration;
			buildSettings = {
				ALWAYS_SEARCH_USER_PATHS = NO;
				CLANG_ANALYZER_NONNULL = YES;
				CLANG_ANALYZER_NUMBER_OBJECT_CONVERSION = YES_AGGRESSIVE;
				CLANG_CXX_LANGUAGE_STANDARD = "gnu++14";
				CLANG_CXX_LIBRARY = "libc++";
				CLANG_ENABLE_MODULES = YES;
				CLANG_ENABLE_OBJC_ARC = YES;
				CLANG_WARN_BLOCK_CAPTURE_AUTORELEASING = YES;
				CLANG_WARN_BOOL_CONVERSION = YES;
				CLANG_WARN_COMMA = YES;
				CLANG_WARN_CONSTANT_CONVERSION = YES;
				CLANG_WARN_DIRECT_OBJC_ISA_USAGE = YES_ERROR;
				CLANG_WARN_DOCUMENTATION_COMMENTS = YES;
				CLANG_WARN_EMPTY_BODY = YES;
				CLANG_WARN_ENUM_CONVERSION = YES;
				CLANG_WARN_INFINITE_RECURSION = YES;
				CLANG_WARN_INT_CONVERSION = YES;
				CLANG_WARN_NON_LITERAL_NULL_CONVERSION = YES;
				CLANG_WARN_OBJC_LITERAL_CONVERSION = YES;
				CLANG_WARN_OBJC_ROOT_CLASS = YES_ERROR;
				CLANG_WARN_RANGE_LOOP_ANALYSIS = YES;
				CLANG_WARN_STRICT_PROTOTYPES = YES;
				CLANG_WARN_SUSPICIOUS_MOVE = YES;
				CLANG_WARN_UNGUARDED_AVAILABILITY = YES_AGGRESSIVE;
				CLANG_WARN_UNREACHABLE_CODE = YES;
				CLANG_WARN__DUPLICATE_METHOD_MATCH = YES;
				CODE_SIGN_IDENTITY = "iPhone Developer";
				COPY_PHASE_STRIP = NO;
				DEBUG_INFORMATION_FORMAT = "dwarf-with-dsym";
				ENABLE_NS_ASSERTIONS = NO;
				ENABLE_STRICT_OBJC_MSGSEND = YES;
				GCC_C_LANGUAGE_STANDARD = gnu11;
				GCC_NO_COMMON_BLOCKS = YES;
				GCC_WARN_64_TO_32_BIT_CONVERSION = YES;
				GCC_WARN_ABOUT_RETURN_TYPE = YES_ERROR;
				GCC_WARN_UNDECLARED_SELECTOR = YES;
				GCC_WARN_UNINITIALIZED_AUTOS = YES_AGGRESSIVE;
				GCC_WARN_UNUSED_FUNCTION = YES;
				GCC_WARN_UNUSED_VARIABLE = YES;
				IPHONEOS_DEPLOYMENT_TARGET = 11.2;
				MTL_ENABLE_DEBUG_INFO = NO;
				SDKROOT = iphoneos;
				SWIFT_OPTIMIZATION_LEVEL = "-Owholemodule";
				VALIDATE_PRODUCT = YES;
			};
			name = Release;
		};
		15596363203907E500728C11 /* Debug */ = {
			isa = XCBuildConfiguration;
			buildSettings = {
				ASSETCATALOG_COMPILER_APPICON_NAME = AppIcon;
				CODE_SIGN_STYLE = Automatic;
				INFOPLIST_FILE = swiperv2/Info.plist;
				LD_RUNPATH_SEARCH_PATHS = "$(inherited) @executable_path/Frameworks";
				PRODUCT_BUNDLE_IDENTIFIER = zhaoalex.swiperv2;
				PRODUCT_NAME = "$(TARGET_NAME)";
				SWIFT_VERSION = 4.0;
				TARGETED_DEVICE_FAMILY = "1,2";
			};
			name = Debug;
		};
		15596364203907E500728C11 /* Release */ = {
			isa = XCBuildConfiguration;
			buildSettings = {
				ASSETCATALOG_COMPILER_APPICON_NAME = AppIcon;
				CODE_SIGN_STYLE = Automatic;
				INFOPLIST_FILE = swiperv2/Info.plist;
				LD_RUNPATH_SEARCH_PATHS = "$(inherited) @executable_path/Frameworks";
				PRODUCT_BUNDLE_IDENTIFIER = zhaoalex.swiperv2;
				PRODUCT_NAME = "$(TARGET_NAME)";
				SWIFT_VERSION = 4.0;
				TARGETED_DEVICE_FAMILY = "1,2";
			};
			name = Release;
		};
		15596366203907E500728C11 /* Debug */ = {
			isa = XCBuildConfiguration;
			buildSettings = {
				ALWAYS_EMBED_SWIFT_STANDARD_LIBRARIES = YES;
				BUNDLE_LOADER = "$(TEST_HOST)";
				CODE_SIGN_STYLE = Automatic;
				INFOPLIST_FILE = swiperv2Tests/Info.plist;
				LD_RUNPATH_SEARCH_PATHS = "$(inherited) @executable_path/Frameworks @loader_path/Frameworks";
				PRODUCT_BUNDLE_IDENTIFIER = zhaoalex.swiperv2Tests;
				PRODUCT_NAME = "$(TARGET_NAME)";
				SWIFT_VERSION = 4.0;
				TARGETED_DEVICE_FAMILY = "1,2";
				TEST_HOST = "$(BUILT_PRODUCTS_DIR)/swiperv2.app/swiperv2";
			};
			name = Debug;
		};
		15596367203907E500728C11 /* Release */ = {
			isa = XCBuildConfiguration;
			buildSettings = {
				ALWAYS_EMBED_SWIFT_STANDARD_LIBRARIES = YES;
				BUNDLE_LOADER = "$(TEST_HOST)";
				CODE_SIGN_STYLE = Automatic;
				INFOPLIST_FILE = swiperv2Tests/Info.plist;
				LD_RUNPATH_SEARCH_PATHS = "$(inherited) @executable_path/Frameworks @loader_path/Frameworks";
				PRODUCT_BUNDLE_IDENTIFIER = zhaoalex.swiperv2Tests;
				PRODUCT_NAME = "$(TARGET_NAME)";
				SWIFT_VERSION = 4.0;
				TARGETED_DEVICE_FAMILY = "1,2";
				TEST_HOST = "$(BUILT_PRODUCTS_DIR)/swiperv2.app/swiperv2";
			};
			name = Release;
		};
		15596369203907E500728C11 /* Debug */ = {
			isa = XCBuildConfiguration;
			buildSettings = {
				ALWAYS_EMBED_SWIFT_STANDARD_LIBRARIES = YES;
				CODE_SIGN_STYLE = Automatic;
				INFOPLIST_FILE = swiperv2UITests/Info.plist;
				LD_RUNPATH_SEARCH_PATHS = "$(inherited) @executable_path/Frameworks @loader_path/Frameworks";
				PRODUCT_BUNDLE_IDENTIFIER = zhaoalex.swiperv2UITests;
				PRODUCT_NAME = "$(TARGET_NAME)";
				SWIFT_VERSION = 4.0;
				TARGETED_DEVICE_FAMILY = "1,2";
				TEST_TARGET_NAME = swiperv2;
			};
			name = Debug;
		};
		1559636A203907E500728C11 /* Release */ = {
			isa = XCBuildConfiguration;
			buildSettings = {
				ALWAYS_EMBED_SWIFT_STANDARD_LIBRARIES = YES;
				CODE_SIGN_STYLE = Automatic;
				INFOPLIST_FILE = swiperv2UITests/Info.plist;
				LD_RUNPATH_SEARCH_PATHS = "$(inherited) @executable_path/Frameworks @loader_path/Frameworks";
				PRODUCT_BUNDLE_IDENTIFIER = zhaoalex.swiperv2UITests;
				PRODUCT_NAME = "$(TARGET_NAME)";
				SWIFT_VERSION = 4.0;
				TARGETED_DEVICE_FAMILY = "1,2";
				TEST_TARGET_NAME = swiperv2;
			};
			name = Release;
		};
/* End XCBuildConfiguration section */

/* Begin XCConfigurationList section */
		15596335203907E500728C11 /* Build configuration list for PBXProject "swiperv2" */ = {
			isa = XCConfigurationList;
			buildConfigurations = (
				15596360203907E500728C11 /* Debug */,
				15596361203907E500728C11 /* Release */,
			);
			defaultConfigurationIsVisible = 0;
			defaultConfigurationName = Release;
		};
		15596362203907E500728C11 /* Build configuration list for PBXNativeTarget "swiperv2" */ = {
			isa = XCConfigurationList;
			buildConfigurations = (
				15596363203907E500728C11 /* Debug */,
				15596364203907E500728C11 /* Release */,
			);
			defaultConfigurationIsVisible = 0;
			defaultConfigurationName = Release;
		};
		15596365203907E500728C11 /* Build configuration list for PBXNativeTarget "swiperv2Tests" */ = {
			isa = XCConfigurationList;
			buildConfigurations = (
				15596366203907E500728C11 /* Debug */,
				15596367203907E500728C11 /* Release */,
			);
			defaultConfigurationIsVisible = 0;
			defaultConfigurationName = Release;
		};
		15596368203907E500728C11 /* Build configuration list for PBXNativeTarget "swiperv2UITests" */ = {
			isa = XCConfigurationList;
			buildConfigurations = (
				15596369203907E500728C11 /* Debug */,
				1559636A203907E500728C11 /* Release */,
			);
			defaultConfigurationIsVisible = 0;
			defaultConfigurationName = Release;
		};
/* End XCConfigurationList section */
	};
	rootObject = 15596332203907E500728C11 /* Project object */;
}
